
Microsoft Visual Studio Solution File, Format Version 12.00
# Visual Studio Version 17
VisualStudioVersion = 17.7.34009.444
MinimumVisualStudioVersion = 10.0.40219.1
Project("{FAE04EC0-301F-11D3-BF4B-00C04F79EFBC}") = "ContactsAPI", "ContactsAPI\ContactsAPI.csproj", "{3CA9CA70-BEFF-429E-A936-956A8122096C}"
EndProject
Global
	GlobalSection(SolutionConfigurationPlatforms) = preSolution
		Debug|Any CPU = Debug|Any CPU
		Release|Any CPU = Release|Any CPU
	EndGlobalSection
	GlobalSection(ProjectConfigurationPlatforms) = postSolution
		{3CA9CA70-BEFF-429E-A936-956A8122096C}.Debug|Any CPU.ActiveCfg = Debug|Any CPU
		{3CA9CA70-BEFF-429E-A936-956A8122096C}.Debug|Any CPU.Build.0 = Debug|Any CPU
		{3CA9CA70-BEFF-429E-A936-956A8122096C}.Release|Any CPU.ActiveCfg = Release|Any CPU
		{3CA9CA70-BEFF-429E-A936-956A8122096C}.Release|Any CPU.Build.0 = Release|Any CPU
	EndGlobalSection
	GlobalSection(SolutionProperties) = preSolution
		HideSolutionNode = FALSE
	EndGlobalSection
	GlobalSection(ExtensibilityGlobals) = postSolution
		SolutionGuid = {69044AB1-30D6-45E8-90D5-9D9126CB6C02}
	EndGlobalSection
EndGlobal
